
Microsoft Visual Studio Solution File, Format Version 12.00
# Visual Studio Version 17
VisualStudioVersion = 17.0.31903.59
MinimumVisualStudioVersion = 10.0.40219.1
Project("{FAE04EC0-301F-11D3-BF4B-00C04F79EFBC}") = "Wortschatz.WebApi", "Wortschatz.WebApi\Wortschatz.WebApi.csproj", "{37F14526-263B-45B1-A3AF-E6097FD478C3}"
EndProject
Project("{FAE04EC0-301F-11D3-BF4B-00C04F79EFBC}") = "Wortschatz.Core", "Wortschatz.Core\Wortschatz.Core.csproj", "{A3AB725D-43B3-40CB-86F4-AABE74637964}"
EndProject
Global
	GlobalSection(SolutionConfigurationPlatforms) = preSolution
		Debug|Any CPU = Debug|Any CPU
		Release|Any CPU = Release|Any CPU
	EndGlobalSection
	GlobalSection(ProjectConfigurationPlatforms) = postSolution
		{37F14526-263B-45B1-A3AF-E6097FD478C3}.Debug|Any CPU.ActiveCfg = Debug|Any CPU
		{37F14526-263B-45B1-A3AF-E6097FD478C3}.Debug|Any CPU.Build.0 = Debug|Any CPU
		{37F14526-263B-45B1-A3AF-E6097FD478C3}.Release|Any CPU.ActiveCfg = Release|Any CPU
		{37F14526-263B-45B1-A3AF-E6097FD478C3}.Release|Any CPU.Build.0 = Release|Any CPU
		{A3AB725D-43B3-40CB-86F4-AABE74637964}.Debug|Any CPU.ActiveCfg = Debug|Any CPU
		{A3AB725D-43B3-40CB-86F4-AABE74637964}.Debug|Any CPU.Build.0 = Debug|Any CPU
		{A3AB725D-43B3-40CB-86F4-AABE74637964}.Release|Any CPU.ActiveCfg = Release|Any CPU
		{A3AB725D-43B3-40CB-86F4-AABE74637964}.Release|Any CPU.Build.0 = Release|Any CPU
	EndGlobalSection
	GlobalSection(SolutionProperties) = preSolution
		HideSolutionNode = FALSE
	EndGlobalSection
EndGlobal
